// !$*UTF8*$!
{
	archiveVersion = 1;
	classes = {
	};
	objectVersion = 46;
	objects = {

/* Begin PBXBuildFile section */
		871DA4091EFB5F2B00F30095 /* PlaySoundsViewController+Audio.swift in Sources */ = {isa = PBXBuildFile; fileRef = 871DA4081EFB5F2B00F30095 /* PlaySoundsViewController+Audio.swift */; };
		879358A31EC1218E00AEC873 /* AppDelegate.swift in Sources */ = {isa = PBXBuildFile; fileRef = 879358A21EC1218E00AEC873 /* AppDelegate.swift */; };
		879358A51EC1218E00AEC873 /* RecordSoundsViewController.swift in Sources */ = {isa = PBXBuildFile; fileRef = 879358A41EC1218E00AEC873 /* RecordSoundsViewController.swift */; };
		879358A81EC1218E00AEC873 /* Main.storyboard in Resources */ = {isa = PBXBuildFile; fileRef = 879358A61EC1218E00AEC873 /* Main.storyboard */; };
		879358AA1EC1218E00AEC873 /* Assets.xcassets in Resources */ = {isa = PBXBuildFile; fileRef = 879358A91EC1218E00AEC873 /* Assets.xcassets */; };
		879358AD1EC1218E00AEC873 /* LaunchScreen.storyboard in Resources */ = {isa = PBXBuildFile; fileRef = 879358AB1EC1218E00AEC873 /* LaunchScreen.storyboard */; };
		87A565671ECA7AAF00A1AE6B /* PlaySoundsViewController.swift in Sources */ = {isa = PBXBuildFile; fileRef = 87A565661ECA7AAF00A1AE6B /* PlaySoundsViewController.swift */; };
/* End PBXBuildFile section */

/* Begin PBXFileReference section */
		871DA4081EFB5F2B00F30095 /* PlaySoundsViewController+Audio.swift */ = {isa = PBXFileReference; fileEncoding = 4; lastKnownFileType = sourcecode.swift; path = "PlaySoundsViewController+Audio.swift"; sourceTree = "<group>"; };
		8793589F1EC1218E00AEC873 /* Practice.app */ = {isa = PBXFileReference; explicitFileType = wrapper.application; includeInIndex = 0; path = Practice.app; sourceTree = BUILT_PRODUCTS_DIR; };
		879358A21EC1218E00AEC873 /* AppDelegate.swift */ = {isa = PBXFileReference; lastKnownFileType = sourcecode.swift; path = AppDelegate.swift; sourceTree = "<group>"; };
		879358A41EC1218E00AEC873 /* RecordSoundsViewController.swift */ = {isa = PBXFileReference; lastKnownFileType = sourcecode.swift; path = RecordSoundsViewController.swift; sourceTree = "<group>"; };
		879358A71EC1218E00AEC873 /* Base */ = {isa = PBXFileReference; lastKnownFileType = file.storyboard; name = Base; path = Base.lproj/Main.storyboard; sourceTree = "<group>"; };
		879358A91EC1218E00AEC873 /* Assets.xcassets */ = {isa = PBXFileReference; lastKnownFileType = folder.assetcatalog; path = Assets.xcassets; sourceTree = "<group>"; };
		879358AC1EC1218E00AEC873 /* Base */ = {isa = PBXFileReference; lastKnownFileType = file.storyboard; name = Base; path = Base.lproj/LaunchScreen.storyboard; sourceTree = "<group>"; };
		879358AE1EC1218E00AEC873 /* Info.plist */ = {isa = PBXFileReference; lastKnownFileType = text.plist.xml; path = Info.plist; sourceTree = "<group>"; };
		87A565661ECA7AAF00A1AE6B /* PlaySoundsViewController.swift */ = {isa = PBXFileReference; fileEncoding = 4; lastKnownFileType = sourcecode.swift; path = PlaySoundsViewController.swift; sourceTree = "<group>"; };
/* End PBXFileReference section */

/* Begin PBXFrameworksBuildPhase section */
		8793589C1EC1218E00AEC873 /* Frameworks */ = {
			isa = PBXFrameworksBuildPhase;
			buildActionMask = 2147483647;
			files = (
			);
			runOnlyForDeploymentPostprocessing = 0;
		};
/* End PBXFrameworksBuildPhase section */

/* Begin PBXGroup section */
		879358961EC1218E00AEC873 = {
			isa = PBXGroup;
			children = (
				879358A11EC1218E00AEC873 /* Pitch Perfect */,
				879358A01EC1218E00AEC873 /* Products */,
			);
			sourceTree = "<group>";
		};
		879358A01EC1218E00AEC873 /* Products */ = {
			isa = PBXGroup;
			children = (
				8793589F1EC1218E00AEC873 /* Practice.app */,
			);
			name = Products;
			sourceTree = "<group>";
		};
		879358A11EC1218E00AEC873 /* Pitch Perfect */ = {
			isa = PBXGroup;
			children = (
				879358A21EC1218E00AEC873 /* AppDelegate.swift */,
				879358A41EC1218E00AEC873 /* RecordSoundsViewController.swift */,
				879358A61EC1218E00AEC873 /* Main.storyboard */,
				879358A91EC1218E00AEC873 /* Assets.xcassets */,
				879358AB1EC1218E00AEC873 /* LaunchScreen.storyboard */,
				879358AE1EC1218E00AEC873 /* Info.plist */,
				87A565661ECA7AAF00A1AE6B /* PlaySoundsViewController.swift */,
				871DA4081EFB5F2B00F30095 /* PlaySoundsViewController+Audio.swift */,
			);
			name = "Pitch Perfect";
			path = Practice;
			sourceTree = "<group>";
		};
/* End PBXGroup section */

/* Begin PBXNativeTarget section */
		8793589E1EC1218E00AEC873 /* Practice */ = {
			isa = PBXNativeTarget;
			buildConfigurationList = 879358B11EC1218E00AEC873 /* Build configuration list for PBXNativeTarget "Practice" */;
			buildPhases = (
				8793589B1EC1218E00AEC873 /* Sources */,
				8793589C1EC1218E00AEC873 /* Frameworks */,
				8793589D1EC1218E00AEC873 /* Resources */,
			);
			buildRules = (
			);
			dependencies = (
			);
			name = Practice;
			productName = Practice;
			productReference = 8793589F1EC1218E00AEC873 /* Practice.app */;
			productType = "com.apple.product-type.application";
		};
/* End PBXNativeTarget section */

/* Begin PBXProject section */
		879358971EC1218E00AEC873 /* Project object */ = {
			isa = PBXProject;
			attributes = {
				LastSwiftUpdateCheck = 0830;
				LastUpgradeCheck = 0830;
				ORGANIZATIONNAME = "Deena Tenzer";
				TargetAttributes = {
					8793589E1EC1218E00AEC873 = {
						CreatedOnToolsVersion = 8.3.1;
						ProvisioningStyle = Automatic;
					};
				};
			};
			buildConfigurationList = 8793589A1EC1218E00AEC873 /* Build configuration list for PBXProject "Pitch Perfect" */;
			compatibilityVersion = "Xcode 3.2";
			developmentRegion = English;
			hasScannedForEncodings = 0;
			knownRegions = (
				en,
				Base,
			);
			mainGroup = 879358961EC1218E00AEC873;
			productRefGroup = 879358A01EC1218E00AEC873 /* Products */;
			projectDirPath = "";
			projectRoot = "";
			targets = (
				8793589E1EC1218E00AEC873 /* Practice */,
			);
		};
/* End PBXProject section */

/* Begin PBXResourcesBuildPhase section */
		8793589D1EC1218E00AEC873 /* Resources */ = {
			isa = PBXResourcesBuildPhase;
			buildActionMask = 2147483647;
			files = (
				879358AD1EC1218E00AEC873 /* LaunchScreen.storyboard in Resources */,
				879358AA1EC1218E00AEC873 /* Assets.xcassets in Resources */,
				879358A81EC1218E00AEC873 /* Main.storyboard in Resources */,
			);
			runOnlyForDeploymentPostprocessing = 0;
		};
/* End PBXResourcesBuildPhase section */

/* Begin PBXSourcesBuildPhase section */
		8793589B1EC1218E00AEC873 /* Sources */ = {
			isa = PBXSourcesBuildPhase;
			buildActionMask = 2147483647;
			files = (
				879358A51EC1218E00AEC873 /* RecordSoundsViewController.swift in Sources */,
				871DA4091EFB5F2B00F30095 /* PlaySoundsViewController+Audio.swift in Sources */,
				87A565671ECA7AAF00A1AE6B /* PlaySoundsViewController.swift in Sources */,
				879358A31EC1218E00AEC873 /* AppDelegate.swift in Sources */,
			);
			runOnlyForDeploymentPostprocessing = 0;
		};
/* End PBXSourcesBuildPhase section */

/* Begin PBXVariantGroup section */
		879358A61EC1218E00AEC873 /* Main.storyboard */ = {
			isa = PBXVariantGroup;
			children = (
				879358A71EC1218E00AEC873 /* Base */,
			);
			name = Main.storyboard;
			sourceTree = "<group>";
		};
		879358AB1EC1218E00AEC873 /* LaunchScreen.storyboard */ = {
			isa = PBXVariantGroup;
			children = (
				879358AC1EC1218E00AEC873 /* Base */,
			);
			name = LaunchScreen.storyboard;
			sourceTree = "<group>";
		};
/* End PBXVariantGroup section */

/* Begin XCBuildConfiguration section */
		879358AF1EC1218E00AEC873 /* Debug */ = {
			isa = XCBuildConfiguration;
			buildSettings = {
				ALWAYS_SEARCH_USER_PATHS = NO;
				CLANG_ANALYZER_NONNULL = YES;
				CLANG_ANALYZER_NUMBER_OBJECT_CONVERSION = YES_AGGRESSIVE;
				CLANG_CXX_LANGUAGE_STANDARD = "gnu++0x";
				CLANG_CXX_LIBRARY = "libc++";
				CLANG_ENABLE_MODULES = YES;
				CLANG_ENABLE_OBJC_ARC = YES;
				CLANG_WARN_BOOL_CONVERSION = YES;
				CLANG_WARN_CONSTANT_CONVERSION = YES;
				CLANG_WARN_DIRECT_OBJC_ISA_USAGE = YES_ERROR;
				CLANG_WARN_DOCUMENTATION_COMMENTS = YES;
				CLANG_WARN_EMPTY_BODY = YES;
				CLANG_WARN_ENUM_CONVERSION = YES;
				CLANG_WARN_INFINITE_RECURSION = YES;
				CLANG_WARN_INT_CONVERSION = YES;
				CLANG_WARN_OBJC_ROOT_CLASS = YES_ERROR;
				CLANG_WARN_SUSPICIOUS_MOVE = YES;
				CLANG_WARN_UNREACHABLE_CODE = YES;
				CLANG_WARN__DUPLICATE_METHOD_MATCH = YES;
				"CODE_SIGN_IDENTITY[sdk=iphoneos*]" = "iPhone Developer";
				COPY_PHASE_STRIP = NO;
				DEBUG_INFORMATION_FORMAT = dwarf;
				ENABLE_STRICT_OBJC_MSGSEND = YES;
				ENABLE_TESTABILITY = YES;
				GCC_C_LANGUAGE_STANDARD = gnu99;
				GCC_DYNAMIC_NO_PIC = NO;
				GCC_NO_COMMON_BLOCKS = YES;
				GCC_OPTIMIZATION_LEVEL = 0;
				GCC_PREPROCESSOR_DEFINITIONS = (
					"DEBUG=1",
					"$(inherited)",
				);
				GCC_WARN_64_TO_32_BIT_CONVERSION = YES;
				GCC_WARN_ABOUT_RETURN_TYPE = YES_ERROR;
				GCC_WARN_UNDECLARED_SELECTOR = YES;
				GCC_WARN_UNINITIALIZED_AUTOS = YES_AGGRESSIVE;
				GCC_WARN_UNUSED_FUNCTION = YES;
				GCC_WARN_UNUSED_VARIABLE = YES;
				IPHONEOS_DEPLOYMENT_TARGET = 10.3;
				MTL_ENABLE_DEBUG_INFO = YES;
				ONLY_ACTIVE_ARCH = YES;
				SDKROOT = iphoneos;
				SWIFT_ACTIVE_COMPILATION_CONDITIONS = DEBUG;
				SWIFT_OPTIMIZATION_LEVEL = "-Onone";
				TARGETED_DEVICE_FAMILY = "1,2";
			};
			name = Debug;
		};
		879358B01EC1218E00AEC873 /* Release */ = {
			isa = XCBuildConfiguration;
			buildSettings = {
				ALWAYS_SEARCH_USER_PATHS = NO;
				CLANG_ANALYZER_NONNULL = YES;
				CLANG_ANALYZER_NUMBER_OBJECT_CONVERSION = YES_AGGRESSIVE;
				CLANG_CXX_LANGUAGE_STANDARD = "gnu++0x";
				CLANG_CXX_LIBRARY = "libc++";
				CLANG_ENABLE_MODULES = YES;
				CLANG_ENABLE_OBJC_ARC = YES;
				CLANG_WARN_BOOL_CONVERSION = YES;
				CLANG_WARN_CONSTANT_CONVERSION = YES;
				CLANG_WARN_DIRECT_OBJC_ISA_USAGE = YES_ERROR;
				CLANG_WARN_DOCUMENTATION_COMMENTS = YES;
				CLANG_WARN_EMPTY_BODY = YES;
				CLANG_WARN_ENUM_CONVERSION = YES;
				CLANG_WARN_INFINITE_RECURSION = YES;
				CLANG_WARN_INT_CONVERSION = YES;
				CLANG_WARN_OBJC_ROOT_CLASS = YES_ERROR;
				CLANG_WARN_SUSPICIOUS_MOVE = YES;
				CLANG_WARN_UNREACHABLE_CODE = YES;
				CLANG_WARN__DUPLICATE_METHOD_MATCH = YES;
				"CODE_SIGN_IDENTITY[sdk=iphoneos*]" = "iPhone Developer";
				COPY_PHASE_STRIP = NO;
				DEBUG_INFORMATION_FORMAT = "dwarf-with-dsym";
				ENABLE_NS_ASSERTIONS = NO;
				ENABLE_STRICT_OBJC_MSGSEND = YES;
				GCC_C_LANGUAGE_STANDARD = gnu99;
				GCC_NO_COMMON_BLOCKS = YES;
				GCC_WARN_64_TO_32_BIT_CONVERSION = YES;
				GCC_WARN_ABOUT_RETURN_TYPE = YES_ERROR;
				GCC_WARN_UNDECLARED_SELECTOR = YES;
				GCC_WARN_UNINITIALIZED_AUTOS = YES_AGGRESSIVE;
				GCC_WARN_UNUSED_FUNCTION = YES;
				GCC_WARN_UNUSED_VARIABLE = YES;
				IPHONEOS_DEPLOYMENT_TARGET = 10.3;
				MTL_ENABLE_DEBUG_INFO = NO;
				SDKROOT = iphoneos;
				SWIFT_OPTIMIZATION_LEVEL = "-Owholemodule";
				TARGETED_DEVICE_FAMILY = "1,2";
				VALIDATE_PRODUCT = YES;
			};
			name = Release;
		};
		879358B21EC1218E00AEC873 /* Debug */ = {
			isa = XCBuildConfiguration;
			buildSettings = {
				ASSETCATALOG_COMPILER_APPICON_NAME = AppIcon;
				INFOPLIST_FILE = Practice/Info.plist;
				LD_RUNPATH_SEARCH_PATHS = "$(inherited) @executable_path/Frameworks";
				PRODUCT_BUNDLE_IDENTIFIER = Deena.Practice;
				PRODUCT_NAME = "$(TARGET_NAME)";
				SWIFT_VERSION = 3.0;
			};
			name = Debug;
		};
		879358B31EC1218E00AEC873 /* Release */ = {
			isa = XCBuildConfiguration;
			buildSettings = {
				ASSETCATALOG_COMPILER_APPICON_NAME = AppIcon;
				INFOPLIST_FILE = Practice/Info.plist;
				LD_RUNPATH_SEARCH_PATHS = "$(inherited) @executable_path/Frameworks";
				PRODUCT_BUNDLE_IDENTIFIER = Deena.Practice;
				PRODUCT_NAME = "$(TARGET_NAME)";
				SWIFT_VERSION = 3.0;
			};
			name = Release;
		};
/* End XCBuildConfiguration section */

/* Begin XCConfigurationList section */
		8793589A1EC1218E00AEC873 /* Build configuration list for PBXProject "Pitch Perfect" */ = {
			isa = XCConfigurationList;
			buildConfigurations = (
				879358AF1EC1218E00AEC873 /* Debug */,
				879358B01EC1218E00AEC873 /* Release */,
			);
			defaultConfigurationIsVisible = 0;
			defaultConfigurationName = Release;
		};
		879358B11EC1218E00AEC873 /* Build configuration list for PBXNativeTarget "Practice" */ = {
			isa = XCConfigurationList;
			buildConfigurations = (
				879358B21EC1218E00AEC873 /* Debug */,
				879358B31EC1218E00AEC873 /* Release */,
			);
			defaultConfigurationIsVisible = 0;
			defaultConfigurationName = Release;
		};
/* End XCConfigurationList section */
	};
	rootObject = 879358971EC1218E00AEC873 /* Project object */;
}
